
Microsoft Visual Studio Solution File, Format Version 12.00
# Visual Studio Version 17
VisualStudioVersion = 17.10.34916.146
MinimumVisualStudioVersion = 10.0.40219.1
Project("{FAE04EC0-301F-11D3-BF4B-00C04F79EFBC}") = "XterWebApi", "XterWebApi\XterWebApi.csproj", "{02FEB2F7-76C6-4E71-8337-FEC0AD6CAEDA}"
EndProject
Global
	GlobalSection(SolutionConfigurationPlatforms) = preSolution
		Debug|Any CPU = Debug|Any CPU
		Release|Any CPU = Release|Any CPU
	EndGlobalSection
	GlobalSection(ProjectConfigurationPlatforms) = postSolution
		{02FEB2F7-76C6-4E71-8337-FEC0AD6CAEDA}.Debug|Any CPU.ActiveCfg = Debug|Any CPU
		{02FEB2F7-76C6-4E71-8337-FEC0AD6CAEDA}.Debug|Any CPU.Build.0 = Debug|Any CPU
		{02FEB2F7-76C6-4E71-8337-FEC0AD6CAEDA}.Release|Any CPU.ActiveCfg = Release|Any CPU
		{02FEB2F7-76C6-4E71-8337-FEC0AD6CAEDA}.Release|Any CPU.Build.0 = Release|Any CPU
	EndGlobalSection
	GlobalSection(SolutionProperties) = preSolution
		HideSolutionNode = FALSE
	EndGlobalSection
	GlobalSection(ExtensibilityGlobals) = postSolution
		SolutionGuid = {BD092DF1-56AD-4074-8E99-4282999249CF}
	EndGlobalSection
EndGlobal
